// !$*UTF8*$!
{
	archiveVersion = 1;
	classes = {
	};
	objectVersion = 77;
	objects = {

/* Begin PBXBuildFile section */
		F50E8E3C2DA668CA00D96A31 /* EX.xccache in Frameworks */ = {isa = PBXBuildFile; productRef = 72815BF879FB306E2CE3E550 /* EX.xccache */; };
		F577C6A92D96A3BD00C83C96 /* config.xcconfig in Resources */ = {isa = PBXBuildFile; fileRef = F577C6A82D96A3BD00C83C96 /* config.xcconfig */; };
/* End PBXBuildFile section */

/* Begin PBXFileReference section */
		F577C62F2D96971200C83C96 /* EX.app */ = {isa = PBXFileReference; explicitFileType = wrapper.application; includeInIndex = 0; path = EX.app; sourceTree = BUILT_PRODUCTS_DIR; };
		F577C6A82D96A3BD00C83C96 /* config.xcconfig */ = {isa = PBXFileReference; lastKnownFileType = text.xcconfig; path = config.xcconfig; sourceTree = "<group>"; };
/* End PBXFileReference section */

/* Begin PBXFileSystemSynchronizedRootGroup section */
		F577C6312D96971200C83C96 /* EX */ = {
			isa = PBXFileSystemSynchronizedRootGroup;
			exceptions = (
			);
			path = EX;
			sourceTree = "<group>";
		};
		F577C70A2D96CD1C00C83C96 /* .xcconfigs */ = {
			isa = PBXFileSystemSynchronizedRootGroup;
			exceptions = (
			);
			path = .xcconfigs;
			sourceTree = "<group>";
		};
/* End PBXFileSystemSynchronizedRootGroup section */

/* Begin PBXFrameworksBuildPhase section */
		F577C62C2D96971200C83C96 /* Frameworks */ = {
			isa = PBXFrameworksBuildPhase;
			buildActionMask = 2147483647;
			files = (
				F50E8E3C2DA668CA00D96A31 /* EX.xccache in Frameworks */,
			);
			runOnlyForDeploymentPostprocessing = 0;
		};
/* End PBXFrameworksBuildPhase section */

/* Begin PBXGroup section */
		F577C6262D96971200C83C96 = {
			isa = PBXGroup;
			children = (
				F577C6A82D96A3BD00C83C96 /* config.xcconfig */,
				F577C70A2D96CD1C00C83C96 /* .xcconfigs */,
				F577C6312D96971200C83C96 /* EX */,
				F577C73D2D99B03000C83C96 /* Frameworks */,
				F577C6302D96971200C83C96 /* Products */,
			);
			sourceTree = "<group>";
		};
		F577C6302D96971200C83C96 /* Products */ = {
			isa = PBXGroup;
			children = (
				F577C62F2D96971200C83C96 /* EX.app */,
			);
			name = Products;
			sourceTree = "<group>";
		};
		F577C73D2D99B03000C83C96 /* Frameworks */ = {
			isa = PBXGroup;
			children = (
			);
			name = Frameworks;
			sourceTree = "<group>";
		};
/* End PBXGroup section */

/* Begin PBXNativeTarget section */
		F577C62E2D96971200C83C96 /* EX */ = {
			isa = PBXNativeTarget;
			buildConfigurationList = F577C63D2D96971300C83C96 /* Build configuration list for PBXNativeTarget "EX" */;
			buildPhases = (
				F577C62B2D96971200C83C96 /* Sources */,
				F577C62C2D96971200C83C96 /* Frameworks */,
				F577C62D2D96971200C83C96 /* Resources */,
			);
			buildRules = (
			);
			dependencies = (
			);
			fileSystemSynchronizedGroups = (
				F577C6312D96971200C83C96 /* EX */,
			);
			name = EX;
			packageProductDependencies = (
				72815BF879FB306E2CE3E550 /* EX.xccache */,
			);
			productName = EX;
			productReference = F577C62F2D96971200C83C96 /* EX.app */;
			productType = "com.apple.product-type.application";
		};
/* End PBXNativeTarget section */

/* Begin PBXProject section */
		F577C6272D96971200C83C96 /* Project object */ = {
			isa = PBXProject;
			attributes = {
				BuildIndependentTargetsInParallel = 1;
				LastSwiftUpdateCheck = 1620;
				LastUpgradeCheck = 1620;
				TargetAttributes = {
					F577C62E2D96971200C83C96 = {
						CreatedOnToolsVersion = 16.2;
					};
				};
			};
			buildConfigurationList = F577C62A2D96971200C83C96 /* Build configuration list for PBXProject "EX" */;
			developmentRegion = en;
			hasScannedForEncodings = 0;
			knownRegions = (
				en,
				Base,
			);
			mainGroup = F577C6262D96971200C83C96;
			minimizedProjectReferenceProxies = 1;
			packageReferences = (
				BBDDF4E330BD997C70103FB5 /* XCRemoteSwiftPackageReference "SwiftyBeaver" */,
				4911533B4DA300B9A6ABCADF /* XCRemoteSwiftPackageReference "Moya" */,
				F50E87D42DA4F86A00D96A31 /* XCLocalSwiftPackageReference "LocalPackages/core-utils" */,
				B2E7BCB26476643957BDE5D8 /* XCLocalSwiftPackageReference "xccache/packages/umbrella" */,
			);
			preferredProjectObjectVersion = 77;
			productRefGroup = F577C6302D96971200C83C96 /* Products */;
			projectDirPath = "";
			projectRoot = "";
			targets = (
				F577C62E2D96971200C83C96 /* EX */,
			);
		};
/* End PBXProject section */

/* Begin PBXResourcesBuildPhase section */
		F577C62D2D96971200C83C96 /* Resources */ = {
			isa = PBXResourcesBuildPhase;
			buildActionMask = 2147483647;
			files = (
				F577C6A92D96A3BD00C83C96 /* config.xcconfig in Resources */,
			);
			runOnlyForDeploymentPostprocessing = 0;
		};
/* End PBXResourcesBuildPhase section */

/* Begin PBXSourcesBuildPhase section */
		F577C62B2D96971200C83C96 /* Sources */ = {
			isa = PBXSourcesBuildPhase;
			buildActionMask = 2147483647;
			files = (
			);
			runOnlyForDeploymentPostprocessing = 0;
		};
/* End PBXSourcesBuildPhase section */

/* Begin XCBuildConfiguration section */
		F577C63B2D96971300C83C96 /* Debug */ = {
			isa = XCBuildConfiguration;
			baseConfigurationReference = F577C6A82D96A3BD00C83C96 /* config.xcconfig */;
			buildSettings = {
				ALWAYS_SEARCH_USER_PATHS = NO;
				ASSETCATALOG_COMPILER_GENERATE_SWIFT_ASSET_SYMBOL_EXTENSIONS = YES;
				CLANG_ANALYZER_NONNULL = YES;
				CLANG_ANALYZER_NUMBER_OBJECT_CONVERSION = YES_AGGRESSIVE;
				CLANG_CXX_LANGUAGE_STANDARD = "gnu++20";
				CLANG_ENABLE_MODULES = YES;
				CLANG_ENABLE_OBJC_ARC = YES;
				CLANG_ENABLE_OBJC_WEAK = YES;
				CLANG_WARN_BLOCK_CAPTURE_AUTORELEASING = YES;
				CLANG_WARN_BOOL_CONVERSION = YES;
				CLANG_WARN_COMMA = YES;
				CLANG_WARN_CONSTANT_CONVERSION = YES;
				CLANG_WARN_DEPRECATED_OBJC_IMPLEMENTATIONS = YES;
				CLANG_WARN_DIRECT_OBJC_ISA_USAGE = YES_ERROR;
				CLANG_WARN_DOCUMENTATION_COMMENTS = YES;
				CLANG_WARN_EMPTY_BODY = YES;
				CLANG_WARN_ENUM_CONVERSION = YES;
				CLANG_WARN_INFINITE_RECURSION = YES;
				CLANG_WARN_INT_CONVERSION = YES;
				CLANG_WARN_NON_LITERAL_NULL_CONVERSION = YES;
				CLANG_WARN_OBJC_IMPLICIT_RETAIN_SELF = YES;
				CLANG_WARN_OBJC_LITERAL_CONVERSION = YES;
				CLANG_WARN_OBJC_ROOT_CLASS = YES_ERROR;
				CLANG_WARN_QUOTED_INCLUDE_IN_FRAMEWORK_HEADER = YES;
				CLANG_WARN_RANGE_LOOP_ANALYSIS = YES;
				CLANG_WARN_STRICT_PROTOTYPES = YES;
				CLANG_WARN_SUSPICIOUS_MOVE = YES;
				CLANG_WARN_UNGUARDED_AVAILABILITY = YES_AGGRESSIVE;
				CLANG_WARN_UNREACHABLE_CODE = YES;
				CLANG_WARN__DUPLICATE_METHOD_MATCH = YES;
				COPY_PHASE_STRIP = NO;
				DEBUG_INFORMATION_FORMAT = dwarf;
				ENABLE_STRICT_OBJC_MSGSEND = YES;
				ENABLE_TESTABILITY = YES;
				ENABLE_USER_SCRIPT_SANDBOXING = YES;
				GCC_C_LANGUAGE_STANDARD = gnu17;
				GCC_DYNAMIC_NO_PIC = NO;
				GCC_NO_COMMON_BLOCKS = YES;
				GCC_OPTIMIZATION_LEVEL = 0;
				GCC_PREPROCESSOR_DEFINITIONS = (
					"DEBUG=1",
					"$(inherited)",
				);
				GCC_WARN_64_TO_32_BIT_CONVERSION = YES;
				GCC_WARN_ABOUT_RETURN_TYPE = YES_ERROR;
				GCC_WARN_UNDECLARED_SELECTOR = YES;
				GCC_WARN_UNINITIALIZED_AUTOS = YES_AGGRESSIVE;
				GCC_WARN_UNUSED_FUNCTION = YES;
				GCC_WARN_UNUSED_VARIABLE = YES;
				IPHONEOS_DEPLOYMENT_TARGET = 18.2;
				LOCALIZATION_PREFERS_STRING_CATALOGS = YES;
				MTL_ENABLE_DEBUG_INFO = INCLUDE_SOURCE;
				MTL_FAST_MATH = YES;
				ONLY_ACTIVE_ARCH = YES;
				SDKROOT = iphoneos;
				SWIFT_ACTIVE_COMPILATION_CONDITIONS = "DEBUG $(inherited)";
				SWIFT_OPTIMIZATION_LEVEL = "-Onone";
			};
			name = Debug;
		};
		F577C63C2D96971300C83C96 /* Release */ = {
			isa = XCBuildConfiguration;
			baseConfigurationReference = F577C6A82D96A3BD00C83C96 /* config.xcconfig */;
			buildSettings = {
				ALWAYS_SEARCH_USER_PATHS = NO;
				ASSETCATALOG_COMPILER_GENERATE_SWIFT_ASSET_SYMBOL_EXTENSIONS = YES;
				CLANG_ANALYZER_NONNULL = YES;
				CLANG_ANALYZER_NUMBER_OBJECT_CONVERSION = YES_AGGRESSIVE;
				CLANG_CXX_LANGUAGE_STANDARD = "gnu++20";
				CLANG_ENABLE_MODULES = YES;
				CLANG_ENABLE_OBJC_ARC = YES;
				CLANG_ENABLE_OBJC_WEAK = YES;
				CLANG_WARN_BLOCK_CAPTURE_AUTORELEASING = YES;
				CLANG_WARN_BOOL_CONVERSION = YES;
				CLANG_WARN_COMMA = YES;
				CLANG_WARN_CONSTANT_CONVERSION = YES;
				CLANG_WARN_DEPRECATED_OBJC_IMPLEMENTATIONS = YES;
				CLANG_WARN_DIRECT_OBJC_ISA_USAGE = YES_ERROR;
				CLANG_WARN_DOCUMENTATION_COMMENTS = YES;
				CLANG_WARN_EMPTY_BODY = YES;
				CLANG_WARN_ENUM_CONVERSION = YES;
				CLANG_WARN_INFINITE_RECURSION = YES;
				CLANG_WARN_INT_CONVERSION = YES;
				CLANG_WARN_NON_LITERAL_NULL_CONVERSION = YES;
				CLANG_WARN_OBJC_IMPLICIT_RETAIN_SELF = YES;
				CLANG_WARN_OBJC_LITERAL_CONVERSION = YES;
				CLANG_WARN_OBJC_ROOT_CLASS = YES_ERROR;
				CLANG_WARN_QUOTED_INCLUDE_IN_FRAMEWORK_HEADER = YES;
				CLANG_WARN_RANGE_LOOP_ANALYSIS = YES;
				CLANG_WARN_STRICT_PROTOTYPES = YES;
				CLANG_WARN_SUSPICIOUS_MOVE = YES;
				CLANG_WARN_UNGUARDED_AVAILABILITY = YES_AGGRESSIVE;
				CLANG_WARN_UNREACHABLE_CODE = YES;
				CLANG_WARN__DUPLICATE_METHOD_MATCH = YES;
				COPY_PHASE_STRIP = NO;
				DEBUG_INFORMATION_FORMAT = "dwarf-with-dsym";
				ENABLE_NS_ASSERTIONS = NO;
				ENABLE_STRICT_OBJC_MSGSEND = YES;
				ENABLE_USER_SCRIPT_SANDBOXING = YES;
				GCC_C_LANGUAGE_STANDARD = gnu17;
				GCC_NO_COMMON_BLOCKS = YES;
				GCC_WARN_64_TO_32_BIT_CONVERSION = YES;
				GCC_WARN_ABOUT_RETURN_TYPE = YES_ERROR;
				GCC_WARN_UNDECLARED_SELECTOR = YES;
				GCC_WARN_UNINITIALIZED_AUTOS = YES_AGGRESSIVE;
				GCC_WARN_UNUSED_FUNCTION = YES;
				GCC_WARN_UNUSED_VARIABLE = YES;
				IPHONEOS_DEPLOYMENT_TARGET = 18.2;
				LOCALIZATION_PREFERS_STRING_CATALOGS = YES;
				MTL_ENABLE_DEBUG_INFO = NO;
				MTL_FAST_MATH = YES;
				SDKROOT = iphoneos;
				SWIFT_COMPILATION_MODE = wholemodule;
				VALIDATE_PRODUCT = YES;
			};
			name = Release;
		};
		F577C63E2D96971300C83C96 /* Debug */ = {
			isa = XCBuildConfiguration;
			buildSettings = {
				ASSETCATALOG_COMPILER_APPICON_NAME = AppIcon;
				ASSETCATALOG_COMPILER_GLOBAL_ACCENT_COLOR_NAME = AccentColor;
				CODE_SIGN_STYLE = Automatic;
				CURRENT_PROJECT_VERSION = 1;
				DEVELOPMENT_ASSET_PATHS = "\"EX/Preview Content\"";
				ENABLE_PREVIEWS = YES;
				GENERATE_INFOPLIST_FILE = YES;
				INFOPLIST_KEY_UIApplicationSceneManifest_Generation = YES;
				INFOPLIST_KEY_UIApplicationSupportsIndirectInputEvents = YES;
				INFOPLIST_KEY_UILaunchScreen_Generation = YES;
				INFOPLIST_KEY_UISupportedInterfaceOrientations_iPad = "UIInterfaceOrientationPortrait UIInterfaceOrientationPortraitUpsideDown UIInterfaceOrientationLandscapeLeft UIInterfaceOrientationLandscapeRight";
				INFOPLIST_KEY_UISupportedInterfaceOrientations_iPhone = "UIInterfaceOrientationPortrait UIInterfaceOrientationLandscapeLeft UIInterfaceOrientationLandscapeRight";
				LD_RUNPATH_SEARCH_PATHS = (
					"$(inherited)",
					"@executable_path/Frameworks",
				);
				MARKETING_VERSION = 1.0;
				PRODUCT_BUNDLE_IDENTIFIER = com.thuyen.EX;
				PRODUCT_NAME = "$(TARGET_NAME)";
				SWIFT_EMIT_LOC_STRINGS = YES;
				SWIFT_VERSION = 5.0;
				TARGETED_DEVICE_FAMILY = "1,2";
			};
			name = Debug;
		};
		F577C63F2D96971300C83C96 /* Release */ = {
			isa = XCBuildConfiguration;
			buildSettings = {
				ASSETCATALOG_COMPILER_APPICON_NAME = AppIcon;
				ASSETCATALOG_COMPILER_GLOBAL_ACCENT_COLOR_NAME = AccentColor;
				CODE_SIGN_STYLE = Automatic;
				CURRENT_PROJECT_VERSION = 1;
				DEVELOPMENT_ASSET_PATHS = "\"EX/Preview Content\"";
				ENABLE_PREVIEWS = YES;
				GENERATE_INFOPLIST_FILE = YES;
				INFOPLIST_KEY_UIApplicationSceneManifest_Generation = YES;
				INFOPLIST_KEY_UIApplicationSupportsIndirectInputEvents = YES;
				INFOPLIST_KEY_UILaunchScreen_Generation = YES;
				INFOPLIST_KEY_UISupportedInterfaceOrientations_iPad = "UIInterfaceOrientationPortrait UIInterfaceOrientationPortraitUpsideDown UIInterfaceOrientationLandscapeLeft UIInterfaceOrientationLandscapeRight";
				INFOPLIST_KEY_UISupportedInterfaceOrientations_iPhone = "UIInterfaceOrientationPortrait UIInterfaceOrientationLandscapeLeft UIInterfaceOrientationLandscapeRight";
				LD_RUNPATH_SEARCH_PATHS = (
					"$(inherited)",
					"@executable_path/Frameworks",
				);
				MARKETING_VERSION = 1.0;
				PRODUCT_BUNDLE_IDENTIFIER = com.thuyen.EX;
				PRODUCT_NAME = "$(TARGET_NAME)";
				SWIFT_EMIT_LOC_STRINGS = YES;
				SWIFT_VERSION = 5.0;
				TARGETED_DEVICE_FAMILY = "1,2";
			};
			name = Release;
		};
/* End XCBuildConfiguration section */

/* Begin XCConfigurationList section */
		F577C62A2D96971200C83C96 /* Build configuration list for PBXProject "EX" */ = {
			isa = XCConfigurationList;
			buildConfigurations = (
				F577C63B2D96971300C83C96 /* Debug */,
				F577C63C2D96971300C83C96 /* Release */,
			);
			defaultConfigurationIsVisible = 0;
			defaultConfigurationName = Release;
		};
		F577C63D2D96971300C83C96 /* Build configuration list for PBXNativeTarget "EX" */ = {
			isa = XCConfigurationList;
			buildConfigurations = (
				F577C63E2D96971300C83C96 /* Debug */,
				F577C63F2D96971300C83C96 /* Release */,
			);
			defaultConfigurationIsVisible = 0;
			defaultConfigurationName = Release;
		};
/* End XCConfigurationList section */

/* Begin XCLocalSwiftPackageReference section */
		B2E7BCB26476643957BDE5D8 /* XCLocalSwiftPackageReference "xccache/packages/umbrella" */ = {
			isa = XCLocalSwiftPackageReference;
			relativePath = xccache/packages/umbrella;
		};
		F50E87D42DA4F86A00D96A31 /* XCLocalSwiftPackageReference "LocalPackages/core-utils" */ = {
			isa = XCLocalSwiftPackageReference;
			relativePath = "LocalPackages/core-utils";
		};
/* End XCLocalSwiftPackageReference section */

/* Begin XCRemoteSwiftPackageReference section */
		4911533B4DA300B9A6ABCADF /* XCRemoteSwiftPackageReference "Moya" */ = {
			isa = XCRemoteSwiftPackageReference;
			repositoryURL = "https://github.com/Moya/Moya";
			requirement = {
				kind = upToNextMajorVersion;
				minimumVersion = 15.0.3;
			};
		};
		BBDDF4E330BD997C70103FB5 /* XCRemoteSwiftPackageReference "SwiftyBeaver" */ = {
			isa = XCRemoteSwiftPackageReference;
			repositoryURL = "https://github.com/SwiftyBeaver/SwiftyBeaver";
			requirement = {
				kind = upToNextMajorVersion;
				minimumVersion = 2.1.1;
			};
		};
/* End XCRemoteSwiftPackageReference section */

/* Begin XCSwiftPackageProductDependency section */
		72815BF879FB306E2CE3E550 /* EX.xccache */ = {
			isa = XCSwiftPackageProductDependency;
			package = B2E7BCB26476643957BDE5D8 /* XCLocalSwiftPackageReference "xccache/packages/umbrella" */;
			productName = EX.xccache;
		};
/* End XCSwiftPackageProductDependency section */
	};
	rootObject = F577C6272D96971200C83C96 /* Project object */;
}
