{
  "EX.xcodeproj": {
    "packages": [
      {
        "repositoryURL": "https://github.com/SwiftyBeaver/SwiftyBeaver",
        "requirement": {
          "kind": "upToNextMajorVersion",
          "minimumVersion": "2.1.1"
        }
      },
      {
        "repositoryURL": "https://github.com/Moya/Moya",
        "requirement": {
          "kind": "upToNextMajorVersion",
          "minimumVersion": "15.0.3"
        }
      },
      {
        "relative_path": "LocalPackages/core-utils",
        "path": null
      }
    ],
    "dependencies": {
      "EX": [
        "SwiftyBeaver/SwiftyBeaver",
        "Moya/Moya",
        "core-utils/Swizzler"
      ]
    }
  }
}