{
  "EX.xcodeproj": {
    "packages": [
      {
        "repositoryURL": "https://github.com/SwiftyBeaver/SwiftyBeaver",
        "requirement": {
          "kind": "upToNextMajorVersion",
          "minimumVersion": "2.1.1"
        }
      },
      {
        "repositoryURL": "https://github.com/Moya/Moya",
        "requirement": {
          "kind": "upToNextMajorVersion",
          "minimumVersion": "15.0.3"
        }
      },
      {
        "relative_path": "LocalPackages/core-utils",
        "path": null
      },
      {
        "repositoryURL": "https://github.com/googlemaps/ios-maps-sdk.git",
        "requirement": {
          "kind": "upToNextMajorVersion",
          "minimumVersion": "9.4.0"
        }
      },
      {
        "repositoryURL": "https://github.com/SDWebImage/SDWebImage",
        "requirement": {
          "kind": "upToNextMajorVersion",
          "minimumVersion": "5.21.0"
        }
      }
    ],
    "dependencies": {
      "EX": [
        "SwiftyBeaver/SwiftyBeaver",
        "Moya/Moya",
        "core-utils/ResourceKit",
        "core-utils/Swizzler",
        "ios-maps-sdk/GoogleMaps",
        "SDWebImage/SDWebImage"
      ],
      "EXTests": []
    }
  }
}