{
  "EX.xcodeproj": {
    "packages": [
      {
        "path_from_root": "LocalPackages/core-utils"
      },
      {
        "path_from_root": "LocalPackages/wizard"
      },
      {
        "repositoryURL": "https://github.com/facebook/facebook-ios-sdk",
        "requirement": {
          "kind": "upToNextMajorVersion",
          "minimumVersion": "9.0.0"
        }
      },
      {
        "repositoryURL": "https://github.com/firebase/firebase-ios-sdk",
        "requirement": {
          "kind": "upToNextMajorVersion",
          "minimumVersion": "11.4.0"
        }
      },
      {
        "repositoryURL": "https://github.com/googlemaps/ios-maps-sdk",
        "requirement": {
          "kind": "upToNextMajorVersion",
          "minimumVersion": "9.4.0"
        }
      },
      {
        "repositoryURL": "https://github.com/Moya/Moya",
        "requirement": {
          "kind": "upToNextMajorVersion",
          "minimumVersion": "15.0.3"
        }
      },
      {
        "repositoryURL": "https://github.com/SDWebImage/SDWebImage",
        "requirement": {
          "kind": "upToNextMajorVersion",
          "minimumVersion": "5.21.0"
        }
      },
      {
        "repositoryURL": "https://github.com/SnapKit/SnapKit",
        "requirement": {
          "kind": "upToNextMajorVersion",
          "minimumVersion": "5.7.1"
        }
      },
      {
        "repositoryURL": "https://github.com/SwiftyBeaver/SwiftyBeaver",
        "requirement": {
          "kind": "upToNextMajorVersion",
          "minimumVersion": "2.1.1"
        }
      },
      {
        "repositoryURL": "https://github.com/yeatse/KingfisherWebP",
        "requirement": {
          "kind": "upToNextMajorVersion",
          "minimumVersion": "1.6.0"
        }
      }
    ],
    "dependencies": {
      "EX": [
        "core-utils/DebugKit",
        "core-utils/DisplayKit",
        "core-utils/ResourceKit",
        "core-utils/Swizzler",
        "facebook-ios-sdk/FacebookLogin",
        "firebase-ios-sdk/FirebaseCrashlytics",
        "ios-maps-sdk/GoogleMaps",
        "KingfisherWebP/KingfisherWebP",
        "Moya/Moya",
        "SDWebImage/SDWebImage",
        "SnapKit/SnapKit-Dynamic",
        "SwiftyBeaver/SwiftyBeaver",
        "wizard/Wizard"
      ],
      "EXTests": [
        "core-utils/TestKit"
      ]
    }
  }
}